PODS:
  - MeasurementSDK (1.0.0):
    - MediaPipeTasksVision (~> 0.10.14)
    - Protobuf
  - MediaPipeTasksCommon (0.10.21)
  - MediaPipeTasksVision (0.10.21):
    - MediaPipeTasksCommon (= 0.10.21)
  - Protobuf (3.29.6)
  - Toast-Swift (5.1.1)

DEPENDENCIES:
  - MeasurementSDK (from `https://codeup.aliyun.com/xytech/measurement/ios-specs.git`, tag `v1.0.1`)
  - Toast-Swift (~> 5.1.1)

SPEC REPOS:
  trunk:
    - MediaPipeTasksCommon
    - MediaPipeTasksVision
    - Protobuf
    - Toast-Swift

EXTERNAL SOURCES:
  MeasurementSDK:
    :git: https://codeup.aliyun.com/xytech/measurement/ios-specs.git
    :tag: v1.0.1

CHECKOUT OPTIONS:
  MeasurementSDK:
    :git: https://codeup.aliyun.com/xytech/measurement/ios-specs.git
    :tag: v1.0.1

SPEC CHECKSUMS:
  MeasurementSDK: 1c903622f44b85196b0656d74a15aa9aee7accb3
  MediaPipeTasksCommon: 6cfa29170d4900f04d250ad95ec058f14a741f38
  MediaPipeTasksVision: 7b1c0f5a5820e87e9d96926f5e65d8cd3744fac2
  Protobuf: 8d5596f7468be5400861a6bbfb2dfe9d0d1cde34
  Toast-Swift: 7a03a532afe3a560d4044bc7c237e2864d295173

PODFILE CHECKSUM: 91769b75fcd99f9ff1e45912b56ef95acc0477f3

COCOAPODS: 1.16.2
